// !$*UTF8*$!
{
	archiveVersion = 1;
	classes = {
	};
	objectVersion = 50;
	objects = {

/* Begin PBXBuildFile section */
		5568E970249D46DB00426BF3 /* AppDelegate.swift in Sources */ = {isa = PBXBuildFile; fileRef = 5568E96F249D46DB00426BF3 /* AppDelegate.swift */; };
		5568E972249D46DB00426BF3 /* SceneDelegate.swift in Sources */ = {isa = PBXBuildFile; fileRef = 5568E971249D46DB00426BF3 /* SceneDelegate.swift */; };
		5568E974249D46DB00426BF3 /* ContentView.swift in Sources */ = {isa = PBXBuildFile; fileRef = 5568E973249D46DB00426BF3 /* ContentView.swift */; };
		5568E976249D46DD00426BF3 /* Assets.xcassets in Resources */ = {isa = PBXBuildFile; fileRef = 5568E975249D46DD00426BF3 /* Assets.xcassets */; };
		5568E979249D46DD00426BF3 /* Preview Assets.xcassets in Resources */ = {isa = PBXBuildFile; fileRef = 5568E978249D46DD00426BF3 /* Preview Assets.xcassets */; };
		5568E97C249D46DD00426BF3 /* LaunchScreen.storyboard in Resources */ = {isa = PBXBuildFile; fileRef = 5568E97A249D46DD00426BF3 /* LaunchScreen.storyboard */; };
		5568E984249E606900426BF3 /* Countries.swift in Sources */ = {isa = PBXBuildFile; fileRef = 5568E983249E606900426BF3 /* Countries.swift */; };
/* End PBXBuildFile section */

/* Begin PBXFileReference section */
		5568E96C249D46DB00426BF3 /* RealtimeMetricsCOVID19.app */ = {isa = PBXFileReference; explicitFileType = wrapper.application; includeInIndex = 0; path = RealtimeMetricsCOVID19.app; sourceTree = BUILT_PRODUCTS_DIR; };
		5568E96F249D46DB00426BF3 /* AppDelegate.swift */ = {isa = PBXFileReference; lastKnownFileType = sourcecode.swift; path = AppDelegate.swift; sourceTree = "<group>"; };
		5568E971249D46DB00426BF3 /* SceneDelegate.swift */ = {isa = PBXFileReference; lastKnownFileType = sourcecode.swift; path = SceneDelegate.swift; sourceTree = "<group>"; };
		5568E973249D46DB00426BF3 /* ContentView.swift */ = {isa = PBXFileReference; lastKnownFileType = sourcecode.swift; path = ContentView.swift; sourceTree = "<group>"; };
		5568E975249D46DD00426BF3 /* Assets.xcassets */ = {isa = PBXFileReference; lastKnownFileType = folder.assetcatalog; path = Assets.xcassets; sourceTree = "<group>"; };
		5568E978249D46DD00426BF3 /* Preview Assets.xcassets */ = {isa = PBXFileReference; lastKnownFileType = folder.assetcatalog; path = "Preview Assets.xcassets"; sourceTree = "<group>"; };
		5568E97B249D46DD00426BF3 /* Base */ = {isa = PBXFileReference; lastKnownFileType = file.storyboard; name = Base; path = Base.lproj/LaunchScreen.storyboard; sourceTree = "<group>"; };
		5568E97D249D46DD00426BF3 /* Info.plist */ = {isa = PBXFileReference; lastKnownFileType = text.plist.xml; path = Info.plist; sourceTree = "<group>"; };
		5568E983249E606900426BF3 /* Countries.swift */ = {isa = PBXFileReference; lastKnownFileType = sourcecode.swift; path = Countries.swift; sourceTree = "<group>"; };
/* End PBXFileReference section */

/* Begin PBXFrameworksBuildPhase section */
		5568E969249D46DB00426BF3 /* Frameworks */ = {
			isa = PBXFrameworksBuildPhase;
			buildActionMask = 2147483647;
			files = (
			);
			runOnlyForDeploymentPostprocessing = 0;
		};
/* End PBXFrameworksBuildPhase section */

/* Begin PBXGroup section */
		5568E963249D46DB00426BF3 = {
			isa = PBXGroup;
			children = (
				5568E96E249D46DB00426BF3 /* RealtimeMetricsCOVID19 */,
				5568E96D249D46DB00426BF3 /* Products */,
			);
			sourceTree = "<group>";
		};
		5568E96D249D46DB00426BF3 /* Products */ = {
			isa = PBXGroup;
			children = (
				5568E96C249D46DB00426BF3 /* RealtimeMetricsCOVID19.app */,
			);
			name = Products;
			sourceTree = "<group>";
		};
		5568E96E249D46DB00426BF3 /* RealtimeMetricsCOVID19 */ = {
			isa = PBXGroup;
			children = (
				5568E96F249D46DB00426BF3 /* AppDelegate.swift */,
				5568E971249D46DB00426BF3 /* SceneDelegate.swift */,
				5568E973249D46DB00426BF3 /* ContentView.swift */,
				5568E983249E606900426BF3 /* Countries.swift */,
				5568E975249D46DD00426BF3 /* Assets.xcassets */,
				5568E97A249D46DD00426BF3 /* LaunchScreen.storyboard */,
				5568E97D249D46DD00426BF3 /* Info.plist */,
				5568E977249D46DD00426BF3 /* Preview Content */,
			);
			path = RealtimeMetricsCOVID19;
			sourceTree = "<group>";
		};
		5568E977249D46DD00426BF3 /* Preview Content */ = {
			isa = PBXGroup;
			children = (
				5568E978249D46DD00426BF3 /* Preview Assets.xcassets */,
			);
			path = "Preview Content";
			sourceTree = "<group>";
		};
/* End PBXGroup section */

/* Begin PBXNativeTarget section */
		5568E96B249D46DB00426BF3 /* RealtimeMetricsCOVID19 */ = {
			isa = PBXNativeTarget;
			buildConfigurationList = 5568E980249D46DD00426BF3 /* Build configuration list for PBXNativeTarget "RealtimeMetricsCOVID19" */;
			buildPhases = (
				5568E968249D46DB00426BF3 /* Sources */,
				5568E969249D46DB00426BF3 /* Frameworks */,
				5568E96A249D46DB00426BF3 /* Resources */,
			);
			buildRules = (
			);
			dependencies = (
			);
			name = RealtimeMetricsCOVID19;
			productName = RealtimeMetricsCOVID19;
			productReference = 5568E96C249D46DB00426BF3 /* RealtimeMetricsCOVID19.app */;
			productType = "com.apple.product-type.application";
		};
/* End PBXNativeTarget section */

/* Begin PBXProject section */
		5568E964249D46DB00426BF3 /* Project object */ = {
			isa = PBXProject;
			attributes = {
				LastSwiftUpdateCheck = 1150;
				LastUpgradeCheck = 1150;
				ORGANIZATIONNAME = "Alex Babich";
				TargetAttributes = {
					5568E96B249D46DB00426BF3 = {
						CreatedOnToolsVersion = 11.5;
					};
				};
			};
			buildConfigurationList = 5568E967249D46DB00426BF3 /* Build configuration list for PBXProject "RealtimeMetricsCOVID19" */;
			compatibilityVersion = "Xcode 9.3";
			developmentRegion = en;
			hasScannedForEncodings = 0;
			knownRegions = (
				en,
				Base,
			);
			mainGroup = 5568E963249D46DB00426BF3;
			productRefGroup = 5568E96D249D46DB00426BF3 /* Products */;
			projectDirPath = "";
			projectRoot = "";
			targets = (
				5568E96B249D46DB00426BF3 /* RealtimeMetricsCOVID19 */,
			);
		};
/* End PBXProject section */

/* Begin PBXResourcesBuildPhase section */
		5568E96A249D46DB00426BF3 /* Resources */ = {
			isa = PBXResourcesBuildPhase;
			buildActionMask = 2147483647;
			files = (
				5568E97C249D46DD00426BF3 /* LaunchScreen.storyboard in Resources */,
				5568E979249D46DD00426BF3 /* Preview Assets.xcassets in Resources */,
				5568E976249D46DD00426BF3 /* Assets.xcassets in Resources */,
			);
			runOnlyForDeploymentPostprocessing = 0;
		};
/* End PBXResourcesBuildPhase section */

/* Begin PBXSourcesBuildPhase section */
		5568E968249D46DB00426BF3 /* Sources */ = {
			isa = PBXSourcesBuildPhase;
			buildActionMask = 2147483647;
			files = (
				5568E970249D46DB00426BF3 /* AppDelegate.swift in Sources */,
				5568E972249D46DB00426BF3 /* SceneDelegate.swift in Sources */,
				5568E984249E606900426BF3 /* Countries.swift in Sources */,
				5568E974249D46DB00426BF3 /* ContentView.swift in Sources */,
			);
			runOnlyForDeploymentPostprocessing = 0;
		};
/* End PBXSourcesBuildPhase section */

/* Begin PBXVariantGroup section */
		5568E97A249D46DD00426BF3 /* LaunchScreen.storyboard */ = {
			isa = PBXVariantGroup;
			children = (
				5568E97B249D46DD00426BF3 /* Base */,
			);
			name = LaunchScreen.storyboard;
			sourceTree = "<group>";
		};
/* End PBXVariantGroup section */

/* Begin XCBuildConfiguration section */
		5568E97E249D46DD00426BF3 /* Debug */ = {
			isa = XCBuildConfiguration;
			buildSettings = {
				ALWAYS_SEARCH_USER_PATHS = NO;
				CLANG_ANALYZER_NONNULL = YES;
				CLANG_ANALYZER_NUMBER_OBJECT_CONVERSION = YES_AGGRESSIVE;
				CLANG_CXX_LANGUAGE_STANDARD = "gnu++14";
				CLANG_CXX_LIBRARY = "libc++";
				CLANG_ENABLE_MODULES = YES;
				CLANG_ENABLE_OBJC_ARC = YES;
				CLANG_ENABLE_OBJC_WEAK = YES;
				CLANG_WARN_BLOCK_CAPTURE_AUTORELEASING = YES;
				CLANG_WARN_BOOL_CONVERSION = YES;
				CLANG_WARN_COMMA = YES;
				CLANG_WARN_CONSTANT_CONVERSION = YES;
				CLANG_WARN_DEPRECATED_OBJC_IMPLEMENTATIONS = YES;
				CLANG_WARN_DIRECT_OBJC_ISA_USAGE = YES_ERROR;
				CLANG_WARN_DOCUMENTATION_COMMENTS = YES;
				CLANG_WARN_EMPTY_BODY = YES;
				CLANG_WARN_ENUM_CONVERSION = YES;
				CLANG_WARN_INFINITE_RECURSION = YES;
				CLANG_WARN_INT_CONVERSION = YES;
				CLANG_WARN_NON_LITERAL_NULL_CONVERSION = YES;
				CLANG_WARN_OBJC_IMPLICIT_RETAIN_SELF = YES;
				CLANG_WARN_OBJC_LITERAL_CONVERSION = YES;
				CLANG_WARN_OBJC_ROOT_CLASS = YES_ERROR;
				CLANG_WARN_RANGE_LOOP_ANALYSIS = YES;
				CLANG_WARN_STRICT_PROTOTYPES = YES;
				CLANG_WARN_SUSPICIOUS_MOVE = YES;
				CLANG_WARN_UNGUARDED_AVAILABILITY = YES_AGGRESSIVE;
				CLANG_WARN_UNREACHABLE_CODE = YES;
				CLANG_WARN__DUPLICATE_METHOD_MATCH = YES;
				COPY_PHASE_STRIP = NO;
				DEBUG_INFORMATION_FORMAT = dwarf;
				ENABLE_STRICT_OBJC_MSGSEND = YES;
				ENABLE_TESTABILITY = YES;
				GCC_C_LANGUAGE_STANDARD = gnu11;
				GCC_DYNAMIC_NO_PIC = NO;
				GCC_NO_COMMON_BLOCKS = YES;
				GCC_OPTIMIZATION_LEVEL = 0;
				GCC_PREPROCESSOR_DEFINITIONS = (
					"DEBUG=1",
					"$(inherited)",
				);
				GCC_WARN_64_TO_32_BIT_CONVERSION = YES;
				GCC_WARN_ABOUT_RETURN_TYPE = YES_ERROR;
				GCC_WARN_UNDECLARED_SELECTOR = YES;
				GCC_WARN_UNINITIALIZED_AUTOS = YES_AGGRESSIVE;
				GCC_WARN_UNUSED_FUNCTION = YES;
				GCC_WARN_UNUSED_VARIABLE = YES;
				IPHONEOS_DEPLOYMENT_TARGET = 13.5;
				MTL_ENABLE_DEBUG_INFO = INCLUDE_SOURCE;
				MTL_FAST_MATH = YES;
				ONLY_ACTIVE_ARCH = YES;
				SDKROOT = iphoneos;
				SWIFT_ACTIVE_COMPILATION_CONDITIONS = DEBUG;
				SWIFT_OPTIMIZATION_LEVEL = "-Onone";
			};
			name = Debug;
		};
		5568E97F249D46DD00426BF3 /* Release */ = {
			isa = XCBuildConfiguration;
			buildSettings = {
				ALWAYS_SEARCH_USER_PATHS = NO;
				CLANG_ANALYZER_NONNULL = YES;
				CLANG_ANALYZER_NUMBER_OBJECT_CONVERSION = YES_AGGRESSIVE;
				CLANG_CXX_LANGUAGE_STANDARD = "gnu++14";
				CLANG_CXX_LIBRARY = "libc++";
				CLANG_ENABLE_MODULES = YES;
				CLANG_ENABLE_OBJC_ARC = YES;
				CLANG_ENABLE_OBJC_WEAK = YES;
				CLANG_WARN_BLOCK_CAPTURE_AUTORELEASING = YES;
				CLANG_WARN_BOOL_CONVERSION = YES;
				CLANG_WARN_COMMA = YES;
				CLANG_WARN_CONSTANT_CONVERSION = YES;
				CLANG_WARN_DEPRECATED_OBJC_IMPLEMENTATIONS = YES;
				CLANG_WARN_DIRECT_OBJC_ISA_USAGE = YES_ERROR;
				CLANG_WARN_DOCUMENTATION_COMMENTS = YES;
				CLANG_WARN_EMPTY_BODY = YES;
				CLANG_WARN_ENUM_CONVERSION = YES;
				CLANG_WARN_INFINITE_RECURSION = YES;
				CLANG_WARN_INT_CONVERSION = YES;
				CLANG_WARN_NON_LITERAL_NULL_CONVERSION = YES;
				CLANG_WARN_OBJC_IMPLICIT_RETAIN_SELF = YES;
				CLANG_WARN_OBJC_LITERAL_CONVERSION = YES;
				CLANG_WARN_OBJC_ROOT_CLASS = YES_ERROR;
				CLANG_WARN_RANGE_LOOP_ANALYSIS = YES;
				CLANG_WARN_STRICT_PROTOTYPES = YES;
				CLANG_WARN_SUSPICIOUS_MOVE = YES;
				CLANG_WARN_UNGUARDED_AVAILABILITY = YES_AGGRESSIVE;
				CLANG_WARN_UNREACHABLE_CODE = YES;
				CLANG_WARN__DUPLICATE_METHOD_MATCH = YES;
				COPY_PHASE_STRIP = NO;
				DEBUG_INFORMATION_FORMAT = "dwarf-with-dsym";
				ENABLE_NS_ASSERTIONS = NO;
				ENABLE_STRICT_OBJC_MSGSEND = YES;
				GCC_C_LANGUAGE_STANDARD = gnu11;
				GCC_NO_COMMON_BLOCKS = YES;
				GCC_WARN_64_TO_32_BIT_CONVERSION = YES;
				GCC_WARN_ABOUT_RETURN_TYPE = YES_ERROR;
				GCC_WARN_UNDECLARED_SELECTOR = YES;
				GCC_WARN_UNINITIALIZED_AUTOS = YES_AGGRESSIVE;
				GCC_WARN_UNUSED_FUNCTION = YES;
				GCC_WARN_UNUSED_VARIABLE = YES;
				IPHONEOS_DEPLOYMENT_TARGET = 13.5;
				MTL_ENABLE_DEBUG_INFO = NO;
				MTL_FAST_MATH = YES;
				SDKROOT = iphoneos;
				SWIFT_COMPILATION_MODE = wholemodule;
				SWIFT_OPTIMIZATION_LEVEL = "-O";
				VALIDATE_PRODUCT = YES;
			};
			name = Release;
		};
		5568E981249D46DD00426BF3 /* Debug */ = {
			isa = XCBuildConfiguration;
			buildSettings = {
				ASSETCATALOG_COMPILER_APPICON_NAME = AppIcon;
				CODE_SIGN_STYLE = Automatic;
				DEVELOPMENT_ASSET_PATHS = "\"RealtimeMetricsCOVID19/Preview Content\"";
				DEVELOPMENT_TEAM = TA2UAPFU92;
				ENABLE_PREVIEWS = YES;
				INFOPLIST_FILE = RealtimeMetricsCOVID19/Info.plist;
				LD_RUNPATH_SEARCH_PATHS = (
					"$(inherited)",
					"@executable_path/Frameworks",
				);
				PRODUCT_BUNDLE_IDENTIFIER = homemade.RealtimeMetricsCOVID19;
				PRODUCT_NAME = "$(TARGET_NAME)";
				SWIFT_VERSION = 5.0;
				TARGETED_DEVICE_FAMILY = "1,2";
			};
			name = Debug;
		};
		5568E982249D46DD00426BF3 /* Release */ = {
			isa = XCBuildConfiguration;
			buildSettings = {
				ASSETCATALOG_COMPILER_APPICON_NAME = AppIcon;
				CODE_SIGN_STYLE = Automatic;
				DEVELOPMENT_ASSET_PATHS = "\"RealtimeMetricsCOVID19/Preview Content\"";
				DEVELOPMENT_TEAM = TA2UAPFU92;
				ENABLE_PREVIEWS = YES;
				INFOPLIST_FILE = RealtimeMetricsCOVID19/Info.plist;
				LD_RUNPATH_SEARCH_PATHS = (
					"$(inherited)",
					"@executable_path/Frameworks",
				);
				PRODUCT_BUNDLE_IDENTIFIER = homemade.RealtimeMetricsCOVID19;
				PRODUCT_NAME = "$(TARGET_NAME)";
				SWIFT_VERSION = 5.0;
				TARGETED_DEVICE_FAMILY = "1,2";
			};
			name = Release;
		};
/* End XCBuildConfiguration section */

/* Begin XCConfigurationList section */
		5568E967249D46DB00426BF3 /* Build configuration list for PBXProject "RealtimeMetricsCOVID19" */ = {
			isa = XCConfigurationList;
			buildConfigurations = (
				5568E97E249D46DD00426BF3 /* Debug */,
				5568E97F249D46DD00426BF3 /* Release */,
			);
			defaultConfigurationIsVisible = 0;
			defaultConfigurationName = Release;
		};
		5568E980249D46DD00426BF3 /* Build configuration list for PBXNativeTarget "RealtimeMetricsCOVID19" */ = {
			isa = XCConfigurationList;
			buildConfigurations = (
				5568E981249D46DD00426BF3 /* Debug */,
				5568E982249D46DD00426BF3 /* Release */,
			);
			defaultConfigurationIsVisible = 0;
			defaultConfigurationName = Release;
		};
/* End XCConfigurationList section */
	};
	rootObject = 5568E964249D46DB00426BF3 /* Project object */;
}
